{"packages":{"web_components":{"version":"0.2.6+1","source":"hosted","description":"web_components"},"js":{"version":"0.0.10","source":"hosted","description":"js"},"args":{"version":"0.0.0-r.15130","source":"sdk","description":"args"},"unittest":{"version":"0.0.0-r.15130","source":"sdk","description":"unittest"},"html5lib":{"version":"0.2.0","source":"hosted","description":"html5lib"},"logging":{"version":"0.0.0-r.15130","source":"sdk","description":"logging"}}}