{"packages":{"web_components":{"version":"0.2.6+1","source":"hosted","description":"web_components"},"logging":{"version":"0.0.0-r.15130","source":"sdk","description":"logging"},"html5lib":{"version":"0.2.0","source":"hosted","description":"html5lib"},"js":{"version":"0.0.10","source":"hosted","description":"js"},"unittest":{"version":"0.0.0-r.15130","source":"sdk","description":"unittest"},"args":{"version":"0.0.0-r.15130","source":"sdk","description":"args"}}}